
Microsoft Visual Studio Solution File, Format Version 12.00
# Visual Studio Version 17
VisualStudioVersion = 17.3.32825.248
MinimumVisualStudioVersion = 10.0.40219.1
Project("{FAE04EC0-301F-11D3-BF4B-00C04F79EFBC}") = "TallyAssignment3", "TallyAssignment3\TallyAssignment3.csproj", "{12555A47-A7D6-4BA6-8F8B-392F0508B99E}"
EndProject
Global
	GlobalSection(SolutionConfigurationPlatforms) = preSolution
		Debug|Any CPU = Debug|Any CPU
		Release|Any CPU = Release|Any CPU
	EndGlobalSection
	GlobalSection(ProjectConfigurationPlatforms) = postSolution
		{12555A47-A7D6-4BA6-8F8B-392F0508B99E}.Debug|Any CPU.ActiveCfg = Debug|Any CPU
		{12555A47-A7D6-4BA6-8F8B-392F0508B99E}.Debug|Any CPU.Build.0 = Debug|Any CPU
		{12555A47-A7D6-4BA6-8F8B-392F0508B99E}.Release|Any CPU.ActiveCfg = Release|Any CPU
		{12555A47-A7D6-4BA6-8F8B-392F0508B99E}.Release|Any CPU.Build.0 = Release|Any CPU
	EndGlobalSection
	GlobalSection(SolutionProperties) = preSolution
		HideSolutionNode = FALSE
	EndGlobalSection
	GlobalSection(ExtensibilityGlobals) = postSolution
		SolutionGuid = {6D625432-ED3B-4903-9E1D-1F43476D6EAE}
	EndGlobalSection
EndGlobal
